
Microsoft Visual Studio Solution File, Format Version 12.00
# Visual Studio 15
VisualStudioVersion = 15.0.27703.1
MinimumVisualStudioVersion = 10.0.40219.1
Project("{FAE04EC0-301F-11D3-BF4B-00C04F79EFBC}") = "KSoftNet", "KSoftNet\KSoftNet.csproj", "{C6672F0D-32C8-4581-BD64-2BC0ABB856DE}"
EndProject
Project("{2150E333-8FDC-42A3-9474-1A3956D46DE8}") = "Solution Items", "Solution Items", "{7C311470-DA09-4E9D-BFAE-0AD04B25CF1C}"
	ProjectSection(SolutionItems) = preProject
		.editorconfig = .editorconfig
	EndProjectSection
EndProject
Global
	GlobalSection(SolutionConfigurationPlatforms) = preSolution
		Debug|Any CPU = Debug|Any CPU
		Release|Any CPU = Release|Any CPU
	EndGlobalSection
	GlobalSection(ProjectConfigurationPlatforms) = postSolution
		{C6672F0D-32C8-4581-BD64-2BC0ABB856DE}.Debug|Any CPU.ActiveCfg = Debug|Any CPU
		{C6672F0D-32C8-4581-BD64-2BC0ABB856DE}.Debug|Any CPU.Build.0 = Debug|Any CPU
		{C6672F0D-32C8-4581-BD64-2BC0ABB856DE}.Release|Any CPU.ActiveCfg = Release|Any CPU
		{C6672F0D-32C8-4581-BD64-2BC0ABB856DE}.Release|Any CPU.Build.0 = Release|Any CPU
	EndGlobalSection
	GlobalSection(SolutionProperties) = preSolution
		HideSolutionNode = FALSE
	EndGlobalSection
	GlobalSection(ExtensibilityGlobals) = postSolution
		SolutionGuid = {69C845EF-3DC5-49C2-991C-BB451F3DC907}
		BuildVersion_StartDate = 2000/1/1
	EndGlobalSection
EndGlobal
