
Microsoft Visual Studio Solution File, Format Version 12.00
# Visual Studio Version 16
VisualStudioVersion = 16.0.30011.22
MinimumVisualStudioVersion = 10.0.40219.1
Project("{9A19103F-16F7-4668-BE54-9A1E7A4F7556}") = "KSoftNet", "KSoftNet\KSoftNet.csproj", "{C6672F0D-32C8-4581-BD64-2BC0ABB856DE}"
EndProject
Project("{2150E333-8FDC-42A3-9474-1A3956D46DE8}") = "Solution Items", "Solution Items", "{7C311470-DA09-4E9D-BFAE-0AD04B25CF1C}"
	ProjectSection(SolutionItems) = preProject
		.editorconfig = .editorconfig
	EndProjectSection
EndProject
Project("{9A19103F-16F7-4668-BE54-9A1E7A4F7556}") = "KSoftNet.Tests", "KSoftNet.Tests\KSoftNet.Tests.csproj", "{EB16AA43-EFC8-468F-B112-33EB944B0D08}"
EndProject
Project("{2150E333-8FDC-42A3-9474-1A3956D46DE8}") = "src", "src", "{5C65E521-1787-4517-9F02-F31D11CAC2AF}"
EndProject
Project("{2150E333-8FDC-42A3-9474-1A3956D46DE8}") = "tests", "tests", "{0756D0A2-518C-4B70-A096-F64B8847B0DC}"
EndProject
Global
	GlobalSection(SolutionConfigurationPlatforms) = preSolution
		Debug|Any CPU = Debug|Any CPU
		Release|Any CPU = Release|Any CPU
	EndGlobalSection
	GlobalSection(ProjectConfigurationPlatforms) = postSolution
		{C6672F0D-32C8-4581-BD64-2BC0ABB856DE}.Debug|Any CPU.ActiveCfg = Debug|Any CPU
		{C6672F0D-32C8-4581-BD64-2BC0ABB856DE}.Debug|Any CPU.Build.0 = Debug|Any CPU
		{C6672F0D-32C8-4581-BD64-2BC0ABB856DE}.Release|Any CPU.ActiveCfg = Release|Any CPU
		{C6672F0D-32C8-4581-BD64-2BC0ABB856DE}.Release|Any CPU.Build.0 = Release|Any CPU
		{EB16AA43-EFC8-468F-B112-33EB944B0D08}.Debug|Any CPU.ActiveCfg = Debug|Any CPU
		{EB16AA43-EFC8-468F-B112-33EB944B0D08}.Debug|Any CPU.Build.0 = Debug|Any CPU
		{EB16AA43-EFC8-468F-B112-33EB944B0D08}.Release|Any CPU.ActiveCfg = Release|Any CPU
		{EB16AA43-EFC8-468F-B112-33EB944B0D08}.Release|Any CPU.Build.0 = Release|Any CPU
	EndGlobalSection
	GlobalSection(SolutionProperties) = preSolution
		HideSolutionNode = FALSE
	EndGlobalSection
	GlobalSection(ExtensibilityGlobals) = postSolution
		BuildVersion_StartDate = 2000/1/1
		SolutionGuid = {69C845EF-3DC5-49C2-991C-BB451F3DC907}
	EndGlobalSection
	GlobalSection(NestedProjects) = preSolution
		{C6672F0D-32C8-4581-BD64-2BC0ABB856DE} = {5C65E521-1787-4517-9F02-F31D11CAC2AF}
		{EB16AA43-EFC8-468F-B112-33EB944B0D08} = {0756D0A2-518C-4B70-A096-F64B8847B0DC}
	EndGlobalSection
EndGlobal
